{"1.1.0",
[{<<"base32">>,
  {git,"https://github.com/aetrion/base32_erlang.git",
       {ref,"40431a7480176b24863e18b92d9872e54c714df5"}},
  2},
 {<<"bear">>,
  {git,"git://github.com/boundary/bear.git",
       {ref,"119234548783af19b8ec75c879c5062676b92571"}},
  2},
 {<<"bugsnag">>,{pkg,<<"bugsnag_erl">>,<<"1.1.5">>},0},
 {<<"cowboy">>,
  {git,"git://github.com/extend/cowboy.git",
       {ref,"021f4f6069e5fae326bdfb0acb12c6500082fa44"}},
  1},
 {<<"cowlib">>,
  {git,"git://github.com/extend/cowlib.git",
       {ref,"d544a494af4dbc810fc9c15eaf5cc050cced1501"}},
  2},
 {<<"dns">>,
  {git,"git://github.com/aetrion/dns_erlang.git",
       {ref,"27c84be07561f8f3c00b9ffacd0b4f2d8003cd86"}},
  1},
 {<<"eper">>,{pkg,<<"eper">>,<<"0.94.0">>},0},
 {<<"erldns">>,
  {git,"https://github.com/project-fifo/erl-dns.git",
       {ref,"7deecde7d9da0565134674ad4a442903c6fecc58"}},
  0},
 {<<"fifo_dt">>,{pkg,<<"fifo_dt">>,<<"0.2.14">>},0},
 {<<"fifo_lager">>,{pkg,<<"fifo_lager">>,<<"0.1.6">>},0},
 {<<"fifo_spec">>,{pkg,<<"fifo_spec">>,<<"0.1.34">>},1},
 {<<"fifo_utils">>,{pkg,<<"fifo_utils">>,<<"0.1.49">>},0},
 {<<"folsom">>,
  {git,"git://github.com/boundary/folsom.git",
       {ref,"8914823067c623d2839ecd6d17785ba94ad004c8"}},
  1},
 {<<"goldrush">>,{pkg,<<"goldrush">>,<<"0.1.9">>},2},
 {<<"hottub">>,
  {git,"git://github.com/bfrog/hottub.git",
       {ref,"dcf9d0bfdadb94e535b3964c513d673c2fc2ac2d"}},
  1},
 {<<"jsone">>,{pkg,<<"jsone">>,<<"1.4.5">>},1},
 {<<"jsx">>,
  {git,"git://github.com/talentdeficit/jsx.git",
       {ref,"5acdc7e4f2f78e75d4e2900cc953049677e605c2"}},
  1},
 {<<"jsxd">>,{pkg,<<"jsxd">>,<<"0.2.4">>},1},
 {<<"lager">>,{pkg,<<"lager">>,<<"3.5.1">>},1},
 {<<"lager_graylog">>,{pkg,<<"lager_graylog">>,<<"0.1.3">>},1},
 {<<"lager_logstash_backend">>,
  {pkg,<<"lager_logstash_backend">>,<<"0.1.3">>},
  1},
 {<<"libchunter">>,{pkg,<<"libchunter">>,<<"0.1.50">>},0},
 {<<"libsnarlmatch">>,{pkg,<<"libsnarlmatch">>,<<"0.1.8">>},1},
 {<<"libsniffle">>,{pkg,<<"libsniffle">>,<<"0.3.57">>},0},
 {<<"mdns_client">>,{pkg,<<"mdns_client">>,<<"0.1.9">>},2},
 {<<"mdns_client_lib">>,{pkg,<<"mdns_client_lib">>,<<"0.1.44">>},1},
 {<<"meck">>,
  {git,"git://github.com/eproxus/meck",
       {ref,"dde759050eff19a1a80fd854d7375174b191665d"}},
  2},
 {<<"poolboy">>,
  {git,"git://github.com/devinus/poolboy.git",
       {ref,"d378f996182daa6251ad5438cee4d3f6eb7ea50f"}},
  1},
 {<<"pooler">>,{pkg,<<"pooler">>,<<"1.5.3">>},2},
 {<<"quickrand">>,{pkg,<<"quickrand">>,<<"1.7.2">>},1},
 {<<"ranch">>,
  {git,"git://github.com/extend/ranch.git",
       {ref,"adf1822defc2b7cfdc7aca112adabfa1d614043c"}},
  2},
 {<<"recon">>,{pkg,<<"recon">>,<<"2.3.2">>},0},
 {<<"riak_dt">>,{pkg,<<"riak_dt">>,<<"2.1.1">>},1},
 {<<"uuid">>,{pkg,<<"uuid_erl">>,<<"1.7.2">>},1}]}.
[
{pkg_hash,[
 {<<"bugsnag">>, <<"43B3FB8861CEAD534644C9CB96E43309821D7F4204B3EE645F5D24F5CD3CE171">>},
 {<<"eper">>, <<"F5FB2DAA0DF8878748E1C598428EDA942A173E5121FF35C1D632129B84593A3A">>},
 {<<"fifo_dt">>, <<"1827620DA373ADAE3524FE289EBA4D764223497BA5B66AF4BA6254C3311C20BF">>},
 {<<"fifo_lager">>, <<"5D350A2C85F27F776B28E022A731B1B2F4A8C0D1703416C2553C4046AA09E837">>},
 {<<"fifo_spec">>, <<"0708AF6868CE06059F7C35FC6E7F2A7787BE8B87C782080B76610B13715F68EB">>},
 {<<"fifo_utils">>, <<"09EC2D0370B133E49084CF14A99E443D0DDB3F05BA8F9E95AC3A780D60CF2BD1">>},
 {<<"goldrush">>, <<"F06E5D5F1277DA5C413E84D5A2924174182FB108DABB39D5EC548B27424CD106">>},
 {<<"jsone">>, <<"547AEFEC1C67FE3283F77BAC4DAF85F3F593002764F768FAAA423875A51A2320">>},
 {<<"jsxd">>, <<"C14114AFCA463F2D03D3FB6CC81FD51CDA8CA86A47E5AC3ABDF0CA572A73A413">>},
 {<<"lager">>, <<"63897A61AF646C59BB928FEE9756CE8BDD02D5A1A2F3551D4A5E38386C2CC071">>},
 {<<"lager_graylog">>, <<"B81F6CC71198F0CF113E74395A12F9C87E22F7B57F5E484A4802413E2A5B8F2C">>},
 {<<"lager_logstash_backend">>, <<"86E7FBE08B34DAF9341E9FC397EADFCD7C1ABA0A0EA901FA7A4C454A3C4C335C">>},
 {<<"libchunter">>, <<"437FE5CD889CDC5671B44CBCBDF5262127092D2A8CD9C84AAF59C73277F9D16A">>},
 {<<"libsnarlmatch">>, <<"198C9628A89CADD38A58F45CF152A6432121F7716ED417BB5980A37455E55C23">>},
 {<<"libsniffle">>, <<"334190F9E619E4BAB38C0FD0F95E51D7C9F82567DAF82A7081D7F2C8EF2ED860">>},
 {<<"mdns_client">>, <<"9433FAB5EC530AB18D219EDE037CD1A98C58BCEAA150022F68E0565DFC66D71D">>},
 {<<"mdns_client_lib">>, <<"979B05CA196D449E3EF8A93EFF33915AD4AA35A963A32857163508B43E0BB782">>},
 {<<"pooler">>, <<"898CD1FA301FC42D4A8ED598CE139B71CA85B54C16AB161152B5CC5FBDCFA1A8">>},
 {<<"quickrand">>, <<"E856F3C69FEC00D1ACCA8E56CB452B650E838D3A9720811410F439121EFAFE59">>},
 {<<"recon">>, <<"4444C879BE323B1B133EEC5241CB84BD3821EA194C740D75617E106BE4744318">>},
 {<<"riak_dt">>, <<"56B1898A543C561994F5D052FDEA972525CA98F46FDB3DCDB7366E4F92EE8F54">>},
 {<<"uuid">>, <<"D596C8DD01A4AE48B9D8D51832CCC8F8302BF67ACD01336AEC3FCFAE6B9D2BC2">>}]}
].
