{"1.1.0",
[{<<"base32">>,
  {git,"https://github.com/aetrion/base32_erlang.git",
       {ref,"40431a7480176b24863e18b92d9872e54c714df5"}},
  2},
 {<<"bear">>,{pkg,<<"bear">>,<<"0.8.5">>},2},
 {<<"bugsnag">>,
  {git,"https://github.com/project-fifo/bugsnag-erlang.git",
       {ref,"b40e5537b71bb928e46e10b21b965f4dc8364087"}},
  0},
 {<<"cowboy">>,{pkg,<<"cowboy">>,<<"1.1.2">>},1},
 {<<"cowlib">>,{pkg,<<"cowlib">>,<<"1.0.2">>},2},
 {<<"dns">>,
  {git,"git://github.com/aetrion/dns_erlang.git",
       {ref,"27c84be07561f8f3c00b9ffacd0b4f2d8003cd86"}},
  1},
 {<<"eper">>,{pkg,<<"eper">>,<<"0.94.0">>},0},
 {<<"erldns">>,
  {git,"https://github.com/project-fifo/erl-dns.git",
       {ref,"af54a4846f22a8b0a53f3cfe393a11018e4b8902"}},
  0},
 {<<"fifo_dt">>,
  {git,"https://github.com/project-fifo/fifo_dt.git",
       {ref,"9f930841c631e1f472ef39c773f164f404778d62"}},
  0},
 {<<"fifo_lager">>,
  {git,"https://github.com/project-fifo/fifo_lager.git",
       {ref,"ecc6fd2afcc0fe5a3e0c54b6344fc0c3f6d59897"}},
  0},
 {<<"fifo_spec">>,{pkg,<<"fifo_spec">>,<<"0.1.32">>},1},
 {<<"fifo_utils">>,{pkg,<<"fifo_utils">>,<<"0.1.49">>},0},
 {<<"folsom">>,{pkg,<<"folsom">>,<<"0.8.5">>},1},
 {<<"goldrush">>,{pkg,<<"goldrush">>,<<"0.1.9">>},2},
 {<<"hottub">>,
  {git,"git://github.com/bfrog/hottub.git",
       {ref,"dcf9d0bfdadb94e535b3964c513d673c2fc2ac2d"}},
  1},
 {<<"jsone">>,{pkg,<<"jsone">>,<<"1.4.4">>},1},
 {<<"jsx">>,{pkg,<<"jsx">>,<<"2.8.2">>},2},
 {<<"jsxd">>,{pkg,<<"jsxd">>,<<"0.2.4">>},1},
 {<<"lager">>,{pkg,<<"lager">>,<<"3.5.1">>},1},
 {<<"lager_graylog">>,{pkg,<<"lager_graylog">>,<<"0.1.3">>},1},
 {<<"lager_logstash_backend">>,
  {pkg,<<"lager_logstash_backend">>,<<"0.1.3">>},
  1},
 {<<"libchunter">>,
  {git,"https://github.com/project-fifo/libchunter.git",
       {ref,"ff71d8d9b27e37283a6aa29bd72a7195452803a1"}},
  0},
 {<<"libsnarlmatch">>,{pkg,<<"libsnarlmatch">>,<<"0.1.8">>},1},
 {<<"libsniffle">>,
  {git,"https://github.com/project-fifo/libsniffle.git",
       {ref,"f62f461fd5f0ec1e609ade25dd9ca2f69ab523e5"}},
  0},
 {<<"mdns_client">>,{pkg,<<"mdns_client">>,<<"0.1.9">>},2},
 {<<"mdns_client_lib">>,{pkg,<<"mdns_client_lib">>,<<"0.1.44">>},1},
 {<<"poolboy">>,{pkg,<<"poolboy">>,<<"1.5.1">>},1},
 {<<"pooler">>,{pkg,<<"pooler">>,<<"1.5.3">>},2},
 {<<"quickrand">>,{pkg,<<"quickrand">>,<<"1.7.2">>},1},
 {<<"ranch">>,{pkg,<<"ranch">>,<<"1.3.2">>},2},
 {<<"recon">>,{pkg,<<"recon">>,<<"2.3.2">>},0},
 {<<"riak_dt">>,{pkg,<<"riak_dt">>,<<"2.1.1">>},1},
 {<<"uuid">>,{pkg,<<"uuid_erl">>,<<"1.7.2">>},1}]}.
[
{pkg_hash,[
 {<<"bear">>, <<"E95FCA1627CD9E15BAF93CE0A52AFF16917BAF325F0EE65B88CD715376CD2344">>},
 {<<"cowboy">>, <<"61AC29EA970389A88ECA5A65601460162D370A70018AFE6F949A29DCA91F3BB0">>},
 {<<"cowlib">>, <<"9D769A1D062C9C3AC753096F868CA121E2730B9A377DE23DEC0F7E08B1DF84EE">>},
 {<<"eper">>, <<"F5FB2DAA0DF8878748E1C598428EDA942A173E5121FF35C1D632129B84593A3A">>},
 {<<"fifo_spec">>, <<"E05CDD62ED2BB6FE72F1B860F1AF44B5D1394E9D172038899870A70CC9E0BAB1">>},
 {<<"fifo_utils">>, <<"09EC2D0370B133E49084CF14A99E443D0DDB3F05BA8F9E95AC3A780D60CF2BD1">>},
 {<<"folsom">>, <<"94A027B56FE84FEED264F9B33CB4C6AC9A801FAD84B87DBDA0836CE83C3B8D69">>},
 {<<"goldrush">>, <<"F06E5D5F1277DA5C413E84D5A2924174182FB108DABB39D5EC548B27424CD106">>},
 {<<"jsone">>, <<"761691A0B1CE0F4C7E8511B09B5F2CD318C00DA5270395637E4E0D5A7F47BC45">>},
 {<<"jsx">>, <<"7ACC7D785B5ABE8A6E9ADBDE926A24E481F29956DD8B4DF49E3E4E7BCC92A018">>},
 {<<"jsxd">>, <<"C14114AFCA463F2D03D3FB6CC81FD51CDA8CA86A47E5AC3ABDF0CA572A73A413">>},
 {<<"lager">>, <<"63897A61AF646C59BB928FEE9756CE8BDD02D5A1A2F3551D4A5E38386C2CC071">>},
 {<<"lager_graylog">>, <<"B81F6CC71198F0CF113E74395A12F9C87E22F7B57F5E484A4802413E2A5B8F2C">>},
 {<<"lager_logstash_backend">>, <<"86E7FBE08B34DAF9341E9FC397EADFCD7C1ABA0A0EA901FA7A4C454A3C4C335C">>},
 {<<"libsnarlmatch">>, <<"198C9628A89CADD38A58F45CF152A6432121F7716ED417BB5980A37455E55C23">>},
 {<<"mdns_client">>, <<"9433FAB5EC530AB18D219EDE037CD1A98C58BCEAA150022F68E0565DFC66D71D">>},
 {<<"mdns_client_lib">>, <<"979B05CA196D449E3EF8A93EFF33915AD4AA35A963A32857163508B43E0BB782">>},
 {<<"poolboy">>, <<"6B46163901CFD0A1B43D692657ED9D7E599853B3B21B95AE5AE0A777CF9B6CA8">>},
 {<<"pooler">>, <<"898CD1FA301FC42D4A8ED598CE139B71CA85B54C16AB161152B5CC5FBDCFA1A8">>},
 {<<"quickrand">>, <<"E856F3C69FEC00D1ACCA8E56CB452B650E838D3A9720811410F439121EFAFE59">>},
 {<<"ranch">>, <<"E4965A144DC9FBE70E5C077C65E73C57165416A901BD02EA899CFD95AA890986">>},
 {<<"recon">>, <<"4444C879BE323B1B133EEC5241CB84BD3821EA194C740D75617E106BE4744318">>},
 {<<"riak_dt">>, <<"56B1898A543C561994F5D052FDEA972525CA98F46FDB3DCDB7366E4F92EE8F54">>},
 {<<"uuid">>, <<"D596C8DD01A4AE48B9D8D51832CCC8F8302BF67ACD01336AEC3FCFAE6B9D2BC2">>}]}
].
